
Microsoft Visual Studio Solution File, Format Version 12.00
# Visual Studio Version 17
VisualStudioVersion = 17.12.35506.116
MinimumVisualStudioVersion = 10.0.40219.1
Project("{FAE04EC0-301F-11D3-BF4B-00C04F79EFBC}") = "Neo.App", "Neo.App\Neo.App.csproj", "{06199D80-713B-4C2E-9CFB-E87E2400CE56}"
EndProject
Project("{FAE04EC0-301F-11D3-BF4B-00C04F79EFBC}") = "Neo.Agents.Core", "Neo.Agents\Neo.Agents.Core\Neo.Agents.Core.csproj", "{A3D32EFD-990D-4CEB-8E6B-251DAFB3154E}"
EndProject
Project("{FAE04EC0-301F-11D3-BF4B-00C04F79EFBC}") = "Neo.Agents.CSharpCompile", "Neo.Agents\Neo.Agents.CSharpCompile\Neo.Agents.CSharpCompile.csproj", "{0CFFD441-2D1B-4333-82D1-4B4DC2115AD3}"
EndProject
Project("{FAE04EC0-301F-11D3-BF4B-00C04F79EFBC}") = "Neo.Agents.NugetLoader", "Neo.Agents\Neo.Agents.NugetLoader\Neo.Agents.NugetLoader.csproj", "{01FFE09B-EC8E-42D1-8A09-6A1FE6524537}"
EndProject
Project("{FAE04EC0-301F-11D3-BF4B-00C04F79EFBC}") = "Neo.Agents.CSharpDllCompile", "Neo.Agents\Neo.Agents.CSharpDllCompile\Neo.Agents.CSharpDllCompile.csproj", "{C983FDC8-FB89-4D72-A447-1309B7122B84}"
EndProject
Project("{FAE04EC0-301F-11D3-BF4B-00C04F79EFBC}") = "Neo.Agents.OpenAI", "Neo.Agents\Neo.Agents.OpenAI\Neo.Agents.OpenAI.csproj", "{40DE40AC-04CC-4CB3-BE54-4D71A1032BE1}"
EndProject
Project("{FAE04EC0-301F-11D3-BF4B-00C04F79EFBC}") = "Neo.Agents.Gemini", "Neo.Agents\Neo.Agents.Gemini\Neo.Agents.Gemini.csproj", "{CBB8D55C-1ECE-4B7C-A9E2-DF5B4391B5C6}"
EndProject
Project("{FAE04EC0-301F-11D3-BF4B-00C04F79EFBC}") = "Neo.Agents.Claude", "Neo.Agents\Neo.Agents.Claude\Neo.Agents.Claude.csproj", "{B4D0FB5E-E27D-467F-A8B0-B533D5B06922}"
EndProject
Project("{FAE04EC0-301F-11D3-BF4B-00C04F79EFBC}") = "Neo.IPC", "Neo.IPC\Neo.IPC.csproj", "{CF13C089-3552-4EA2-A606-F6EF0D8D7D9F}"
EndProject
Project("{FAE04EC0-301F-11D3-BF4B-00C04F79EFBC}") = "Neo.PluginWindowWPF", "Neo.PluginWindowWPF\Neo.PluginWindowWPF.csproj", "{E32D4F71-26F8-4828-B416-BCFEEA91E484}"
EndProject
Project("{FAE04EC0-301F-11D3-BF4B-00C04F79EFBC}") = "Neo.PluginWindowAvalonia", "Neo.PluginWindowAvalonia\Neo.PluginWindowAvalonia.csproj", "{A2E50804-142B-4A76-A8B2-4AD660B6D992}"
EndProject
Project("{FAE04EC0-301F-11D3-BF4B-00C04F79EFBC}") = "Neo.AssemblyForge", "Neo.AssemblyForge\Neo.AssemblyForge.csproj", "{C9CC3D6B-ACA0-415A-BE55-0613684619DF}"
EndProject
Project("{FAE04EC0-301F-11D3-BF4B-00C04F79EFBC}") = "Neo.Shared", "Neo.Shared\Neo.Shared.csproj", "{1535586E-241C-477F-8624-DEA15CB32536}"
EndProject
Project("{2150E333-8FDC-42A3-9474-1A3956D46DE8}") = "Neo.Agents", "Neo.Agents", "{60CDB5DA-AA5D-4DF7-C1B4-9768277FCE90}"
EndProject
Project("{FAE04EC0-301F-11D3-BF4B-00C04F79EFBC}") = "Neo.Agents.PowerShell", "Neo.Agents\Neo.Agents.PowerShell\Neo.Agents.PowerShell.csproj", "{F9C390C7-F038-47D3-B05A-18A1933CF173}"
EndProject
Project("{FAE04EC0-301F-11D3-BF4B-00C04F79EFBC}") = "Neo.Agents.Ollama", "Neo.Agents\Neo.Agents.Ollama\Neo.Agents.Ollama.csproj", "{8A2B6F3E-C7D1-4E5A-9F08-1B3D5E7A9C2F}"
EndProject
Project("{FAE04EC0-301F-11D3-BF4B-00C04F79EFBC}") = "Neo.Agents.LmStudio", "Neo.Agents\Neo.Agents.LmStudio\Neo.Agents.LmStudio.csproj", "{D4E5F6A7-B8C9-4D1E-A2F3-5C6D7E8F9A0B}"
EndProject
Project("{FAE04EC0-301F-11D3-BF4B-00C04F79EFBC}") = "Neo.Agents.GeminiImageGen", "Neo.Agents\Neo.Agents.GeminiImageGen\Neo.Agents.GeminiImageGen.csproj", "{BFAAACFE-5B8D-4DE7-ACED-1D982B991795}"
EndProject
Project("{FAE04EC0-301F-11D3-BF4B-00C04F79EFBC}") = "Neo.Agents.OpenAIWhisper", "Neo.Agents\Neo.Agents.OpenAIWhisper\Neo.Agents.OpenAIWhisper.csproj", "{5BCFEB60-9A20-448C-ACAB-8D1363A2DD19}"
EndProject
Project("{FAE04EC0-301F-11D3-BF4B-00C04F79EFBC}") = "Neo.Agents.OpenAITTS", "Neo.Agents\Neo.Agents.OpenAITTS\Neo.Agents.OpenAITTS.csproj", "{8A6139F7-E95C-4B42-82D6-C19B5CCD2519}"
EndProject
Project("{FAE04EC0-301F-11D3-BF4B-00C04F79EFBC}") = "Neo.Agents.GeminiImageAnalysis", "Neo.Agents\Neo.Agents.GeminiImageAnalysis\Neo.Agents.GeminiImageAnalysis.csproj", "{71D1E990-7746-4A6B-95C5-1734D82BFC3C}"
EndProject
Project("{FAE04EC0-301F-11D3-BF4B-00C04F79EFBC}") = "Neo.App.Core", "Neo.App.Core\Neo.App.Core.csproj", "{4F1BB8E2-6321-4182-A80A-54331FD5825B}"
EndProject
Project("{FAE04EC0-301F-11D3-BF4B-00C04F79EFBC}") = "Neo.App.Avalonia", "Neo.App.Avalonia\Neo.App.Avalonia.csproj", "{606A7570-D731-488F-9BB0-96711A6041E9}"
EndProject
Project("{FAE04EC0-301F-11D3-BF4B-00C04F79EFBC}") = "Neo.McpServer", "Neo.McpServer\Neo.McpServer.csproj", "{7465B4F8-0816-4497-88D3-A74B0D05993B}"
EndProject
Project("{FAE04EC0-301F-11D3-BF4B-00C04F79EFBC}") = "Neo.PluginWindowAvalonia.MCP", "Neo.PluginWindowAvalonia.MCP\Neo.PluginWindowAvalonia.MCP.csproj", "{FA060EF3-6FEC-49B5-A0CC-D2CA32FCB551}"
EndProject
Global
	GlobalSection(SolutionConfigurationPlatforms) = preSolution
		Debug|Any CPU = Debug|Any CPU
		Debug|x64 = Debug|x64
		Debug|x86 = Debug|x86
		Release|Any CPU = Release|Any CPU
		Release|x64 = Release|x64
		Release|x86 = Release|x86
	EndGlobalSection
	GlobalSection(ProjectConfigurationPlatforms) = postSolution
		{06199D80-713B-4C2E-9CFB-E87E2400CE56}.Debug|Any CPU.ActiveCfg = Debug|Any CPU
		{06199D80-713B-4C2E-9CFB-E87E2400CE56}.Debug|Any CPU.Build.0 = Debug|Any CPU
		{06199D80-713B-4C2E-9CFB-E87E2400CE56}.Debug|x64.ActiveCfg = Debug|Any CPU
		{06199D80-713B-4C2E-9CFB-E87E2400CE56}.Debug|x64.Build.0 = Debug|Any CPU
		{06199D80-713B-4C2E-9CFB-E87E2400CE56}.Debug|x86.ActiveCfg = Debug|Any CPU
		{06199D80-713B-4C2E-9CFB-E87E2400CE56}.Debug|x86.Build.0 = Debug|Any CPU
		{06199D80-713B-4C2E-9CFB-E87E2400CE56}.Release|Any CPU.ActiveCfg = Release|Any CPU
		{06199D80-713B-4C2E-9CFB-E87E2400CE56}.Release|Any CPU.Build.0 = Release|Any CPU
		{06199D80-713B-4C2E-9CFB-E87E2400CE56}.Release|x64.ActiveCfg = Release|Any CPU
		{06199D80-713B-4C2E-9CFB-E87E2400CE56}.Release|x64.Build.0 = Release|Any CPU
		{06199D80-713B-4C2E-9CFB-E87E2400CE56}.Release|x86.ActiveCfg = Release|Any CPU
		{06199D80-713B-4C2E-9CFB-E87E2400CE56}.Release|x86.Build.0 = Release|Any CPU
		{A3D32EFD-990D-4CEB-8E6B-251DAFB3154E}.Debug|Any CPU.ActiveCfg = Debug|Any CPU
		{A3D32EFD-990D-4CEB-8E6B-251DAFB3154E}.Debug|Any CPU.Build.0 = Debug|Any CPU
		{A3D32EFD-990D-4CEB-8E6B-251DAFB3154E}.Debug|x64.ActiveCfg = Debug|Any CPU
		{A3D32EFD-990D-4CEB-8E6B-251DAFB3154E}.Debug|x64.Build.0 = Debug|Any CPU
		{A3D32EFD-990D-4CEB-8E6B-251DAFB3154E}.Debug|x86.ActiveCfg = Debug|Any CPU
		{A3D32EFD-990D-4CEB-8E6B-251DAFB3154E}.Debug|x86.Build.0 = Debug|Any CPU
		{A3D32EFD-990D-4CEB-8E6B-251DAFB3154E}.Release|Any CPU.ActiveCfg = Release|Any CPU
		{A3D32EFD-990D-4CEB-8E6B-251DAFB3154E}.Release|Any CPU.Build.0 = Release|Any CPU
		{A3D32EFD-990D-4CEB-8E6B-251DAFB3154E}.Release|x64.ActiveCfg = Release|Any CPU
		{A3D32EFD-990D-4CEB-8E6B-251DAFB3154E}.Release|x64.Build.0 = Release|Any CPU
		{A3D32EFD-990D-4CEB-8E6B-251DAFB3154E}.Release|x86.ActiveCfg = Release|Any CPU
		{A3D32EFD-990D-4CEB-8E6B-251DAFB3154E}.Release|x86.Build.0 = Release|Any CPU
		{0CFFD441-2D1B-4333-82D1-4B4DC2115AD3}.Debug|Any CPU.ActiveCfg = Debug|Any CPU
		{0CFFD441-2D1B-4333-82D1-4B4DC2115AD3}.Debug|Any CPU.Build.0 = Debug|Any CPU
		{0CFFD441-2D1B-4333-82D1-4B4DC2115AD3}.Debug|x64.ActiveCfg = Debug|Any CPU
		{0CFFD441-2D1B-4333-82D1-4B4DC2115AD3}.Debug|x64.Build.0 = Debug|Any CPU
		{0CFFD441-2D1B-4333-82D1-4B4DC2115AD3}.Debug|x86.ActiveCfg = Debug|Any CPU
		{0CFFD441-2D1B-4333-82D1-4B4DC2115AD3}.Debug|x86.Build.0 = Debug|Any CPU
		{0CFFD441-2D1B-4333-82D1-4B4DC2115AD3}.Release|Any CPU.ActiveCfg = Release|Any CPU
		{0CFFD441-2D1B-4333-82D1-4B4DC2115AD3}.Release|Any CPU.Build.0 = Release|Any CPU
		{0CFFD441-2D1B-4333-82D1-4B4DC2115AD3}.Release|x64.ActiveCfg = Release|Any CPU
		{0CFFD441-2D1B-4333-82D1-4B4DC2115AD3}.Release|x64.Build.0 = Release|Any CPU
		{0CFFD441-2D1B-4333-82D1-4B4DC2115AD3}.Release|x86.ActiveCfg = Release|Any CPU
		{0CFFD441-2D1B-4333-82D1-4B4DC2115AD3}.Release|x86.Build.0 = Release|Any CPU
		{01FFE09B-EC8E-42D1-8A09-6A1FE6524537}.Debug|Any CPU.ActiveCfg = Debug|Any CPU
		{01FFE09B-EC8E-42D1-8A09-6A1FE6524537}.Debug|Any CPU.Build.0 = Debug|Any CPU
		{01FFE09B-EC8E-42D1-8A09-6A1FE6524537}.Debug|x64.ActiveCfg = Debug|Any CPU
		{01FFE09B-EC8E-42D1-8A09-6A1FE6524537}.Debug|x64.Build.0 = Debug|Any CPU
		{01FFE09B-EC8E-42D1-8A09-6A1FE6524537}.Debug|x86.ActiveCfg = Debug|Any CPU
		{01FFE09B-EC8E-42D1-8A09-6A1FE6524537}.Debug|x86.Build.0 = Debug|Any CPU
		{01FFE09B-EC8E-42D1-8A09-6A1FE6524537}.Release|Any CPU.ActiveCfg = Release|Any CPU
		{01FFE09B-EC8E-42D1-8A09-6A1FE6524537}.Release|Any CPU.Build.0 = Release|Any CPU
		{01FFE09B-EC8E-42D1-8A09-6A1FE6524537}.Release|x64.ActiveCfg = Release|Any CPU
		{01FFE09B-EC8E-42D1-8A09-6A1FE6524537}.Release|x64.Build.0 = Release|Any CPU
		{01FFE09B-EC8E-42D1-8A09-6A1FE6524537}.Release|x86.ActiveCfg = Release|Any CPU
		{01FFE09B-EC8E-42D1-8A09-6A1FE6524537}.Release|x86.Build.0 = Release|Any CPU
		{C983FDC8-FB89-4D72-A447-1309B7122B84}.Debug|Any CPU.ActiveCfg = Debug|Any CPU
		{C983FDC8-FB89-4D72-A447-1309B7122B84}.Debug|Any CPU.Build.0 = Debug|Any CPU
		{C983FDC8-FB89-4D72-A447-1309B7122B84}.Debug|x64.ActiveCfg = Debug|Any CPU
		{C983FDC8-FB89-4D72-A447-1309B7122B84}.Debug|x64.Build.0 = Debug|Any CPU
		{C983FDC8-FB89-4D72-A447-1309B7122B84}.Debug|x86.ActiveCfg = Debug|Any CPU
		{C983FDC8-FB89-4D72-A447-1309B7122B84}.Debug|x86.Build.0 = Debug|Any CPU
		{C983FDC8-FB89-4D72-A447-1309B7122B84}.Release|Any CPU.ActiveCfg = Release|Any CPU
		{C983FDC8-FB89-4D72-A447-1309B7122B84}.Release|Any CPU.Build.0 = Release|Any CPU
		{C983FDC8-FB89-4D72-A447-1309B7122B84}.Release|x64.ActiveCfg = Release|Any CPU
		{C983FDC8-FB89-4D72-A447-1309B7122B84}.Release|x64.Build.0 = Release|Any CPU
		{C983FDC8-FB89-4D72-A447-1309B7122B84}.Release|x86.ActiveCfg = Release|Any CPU
		{C983FDC8-FB89-4D72-A447-1309B7122B84}.Release|x86.Build.0 = Release|Any CPU
		{40DE40AC-04CC-4CB3-BE54-4D71A1032BE1}.Debug|Any CPU.ActiveCfg = Debug|Any CPU
		{40DE40AC-04CC-4CB3-BE54-4D71A1032BE1}.Debug|Any CPU.Build.0 = Debug|Any CPU
		{40DE40AC-04CC-4CB3-BE54-4D71A1032BE1}.Debug|x64.ActiveCfg = Debug|Any CPU
		{40DE40AC-04CC-4CB3-BE54-4D71A1032BE1}.Debug|x64.Build.0 = Debug|Any CPU
		{40DE40AC-04CC-4CB3-BE54-4D71A1032BE1}.Debug|x86.ActiveCfg = Debug|Any CPU
		{40DE40AC-04CC-4CB3-BE54-4D71A1032BE1}.Debug|x86.Build.0 = Debug|Any CPU
		{40DE40AC-04CC-4CB3-BE54-4D71A1032BE1}.Release|Any CPU.ActiveCfg = Release|Any CPU
		{40DE40AC-04CC-4CB3-BE54-4D71A1032BE1}.Release|Any CPU.Build.0 = Release|Any CPU
		{40DE40AC-04CC-4CB3-BE54-4D71A1032BE1}.Release|x64.ActiveCfg = Release|Any CPU
		{40DE40AC-04CC-4CB3-BE54-4D71A1032BE1}.Release|x64.Build.0 = Release|Any CPU
		{40DE40AC-04CC-4CB3-BE54-4D71A1032BE1}.Release|x86.ActiveCfg = Release|Any CPU
		{40DE40AC-04CC-4CB3-BE54-4D71A1032BE1}.Release|x86.Build.0 = Release|Any CPU
		{CBB8D55C-1ECE-4B7C-A9E2-DF5B4391B5C6}.Debug|Any CPU.ActiveCfg = Debug|Any CPU
		{CBB8D55C-1ECE-4B7C-A9E2-DF5B4391B5C6}.Debug|Any CPU.Build.0 = Debug|Any CPU
		{CBB8D55C-1ECE-4B7C-A9E2-DF5B4391B5C6}.Debug|x64.ActiveCfg = Debug|Any CPU
		{CBB8D55C-1ECE-4B7C-A9E2-DF5B4391B5C6}.Debug|x64.Build.0 = Debug|Any CPU
		{CBB8D55C-1ECE-4B7C-A9E2-DF5B4391B5C6}.Debug|x86.ActiveCfg = Debug|Any CPU
		{CBB8D55C-1ECE-4B7C-A9E2-DF5B4391B5C6}.Debug|x86.Build.0 = Debug|Any CPU
		{CBB8D55C-1ECE-4B7C-A9E2-DF5B4391B5C6}.Release|Any CPU.ActiveCfg = Release|Any CPU
		{CBB8D55C-1ECE-4B7C-A9E2-DF5B4391B5C6}.Release|Any CPU.Build.0 = Release|Any CPU
		{CBB8D55C-1ECE-4B7C-A9E2-DF5B4391B5C6}.Release|x64.ActiveCfg = Release|Any CPU
		{CBB8D55C-1ECE-4B7C-A9E2-DF5B4391B5C6}.Release|x64.Build.0 = Release|Any CPU
		{CBB8D55C-1ECE-4B7C-A9E2-DF5B4391B5C6}.Release|x86.ActiveCfg = Release|Any CPU
		{CBB8D55C-1ECE-4B7C-A9E2-DF5B4391B5C6}.Release|x86.Build.0 = Release|Any CPU
		{B4D0FB5E-E27D-467F-A8B0-B533D5B06922}.Debug|Any CPU.ActiveCfg = Debug|Any CPU
		{B4D0FB5E-E27D-467F-A8B0-B533D5B06922}.Debug|Any CPU.Build.0 = Debug|Any CPU
		{B4D0FB5E-E27D-467F-A8B0-B533D5B06922}.Debug|x64.ActiveCfg = Debug|Any CPU
		{B4D0FB5E-E27D-467F-A8B0-B533D5B06922}.Debug|x64.Build.0 = Debug|Any CPU
		{B4D0FB5E-E27D-467F-A8B0-B533D5B06922}.Debug|x86.ActiveCfg = Debug|Any CPU
		{B4D0FB5E-E27D-467F-A8B0-B533D5B06922}.Debug|x86.Build.0 = Debug|Any CPU
		{B4D0FB5E-E27D-467F-A8B0-B533D5B06922}.Release|Any CPU.ActiveCfg = Release|Any CPU
		{B4D0FB5E-E27D-467F-A8B0-B533D5B06922}.Release|Any CPU.Build.0 = Release|Any CPU
		{B4D0FB5E-E27D-467F-A8B0-B533D5B06922}.Release|x64.ActiveCfg = Release|Any CPU
		{B4D0FB5E-E27D-467F-A8B0-B533D5B06922}.Release|x64.Build.0 = Release|Any CPU
		{B4D0FB5E-E27D-467F-A8B0-B533D5B06922}.Release|x86.ActiveCfg = Release|Any CPU
		{B4D0FB5E-E27D-467F-A8B0-B533D5B06922}.Release|x86.Build.0 = Release|Any CPU
		{CF13C089-3552-4EA2-A606-F6EF0D8D7D9F}.Debug|Any CPU.ActiveCfg = Debug|Any CPU
		{CF13C089-3552-4EA2-A606-F6EF0D8D7D9F}.Debug|Any CPU.Build.0 = Debug|Any CPU
		{CF13C089-3552-4EA2-A606-F6EF0D8D7D9F}.Debug|x64.ActiveCfg = Debug|Any CPU
		{CF13C089-3552-4EA2-A606-F6EF0D8D7D9F}.Debug|x64.Build.0 = Debug|Any CPU
		{CF13C089-3552-4EA2-A606-F6EF0D8D7D9F}.Debug|x86.ActiveCfg = Debug|Any CPU
		{CF13C089-3552-4EA2-A606-F6EF0D8D7D9F}.Debug|x86.Build.0 = Debug|Any CPU
		{CF13C089-3552-4EA2-A606-F6EF0D8D7D9F}.Release|Any CPU.ActiveCfg = Release|Any CPU
		{CF13C089-3552-4EA2-A606-F6EF0D8D7D9F}.Release|Any CPU.Build.0 = Release|Any CPU
		{CF13C089-3552-4EA2-A606-F6EF0D8D7D9F}.Release|x64.ActiveCfg = Release|Any CPU
		{CF13C089-3552-4EA2-A606-F6EF0D8D7D9F}.Release|x64.Build.0 = Release|Any CPU
		{CF13C089-3552-4EA2-A606-F6EF0D8D7D9F}.Release|x86.ActiveCfg = Release|Any CPU
		{CF13C089-3552-4EA2-A606-F6EF0D8D7D9F}.Release|x86.Build.0 = Release|Any CPU
		{E32D4F71-26F8-4828-B416-BCFEEA91E484}.Debug|Any CPU.ActiveCfg = Debug|Any CPU
		{E32D4F71-26F8-4828-B416-BCFEEA91E484}.Debug|Any CPU.Build.0 = Debug|Any CPU
		{E32D4F71-26F8-4828-B416-BCFEEA91E484}.Debug|x64.ActiveCfg = Debug|Any CPU
		{E32D4F71-26F8-4828-B416-BCFEEA91E484}.Debug|x64.Build.0 = Debug|Any CPU
		{E32D4F71-26F8-4828-B416-BCFEEA91E484}.Debug|x86.ActiveCfg = Debug|Any CPU
		{E32D4F71-26F8-4828-B416-BCFEEA91E484}.Debug|x86.Build.0 = Debug|Any CPU
		{E32D4F71-26F8-4828-B416-BCFEEA91E484}.Release|Any CPU.ActiveCfg = Release|Any CPU
		{E32D4F71-26F8-4828-B416-BCFEEA91E484}.Release|Any CPU.Build.0 = Release|Any CPU
		{E32D4F71-26F8-4828-B416-BCFEEA91E484}.Release|x64.ActiveCfg = Release|Any CPU
		{E32D4F71-26F8-4828-B416-BCFEEA91E484}.Release|x64.Build.0 = Release|Any CPU
		{E32D4F71-26F8-4828-B416-BCFEEA91E484}.Release|x86.ActiveCfg = Release|Any CPU
		{E32D4F71-26F8-4828-B416-BCFEEA91E484}.Release|x86.Build.0 = Release|Any CPU
		{A2E50804-142B-4A76-A8B2-4AD660B6D992}.Debug|Any CPU.ActiveCfg = Debug|Any CPU
		{A2E50804-142B-4A76-A8B2-4AD660B6D992}.Debug|Any CPU.Build.0 = Debug|Any CPU
		{A2E50804-142B-4A76-A8B2-4AD660B6D992}.Debug|x64.ActiveCfg = Debug|Any CPU
		{A2E50804-142B-4A76-A8B2-4AD660B6D992}.Debug|x64.Build.0 = Debug|Any CPU
		{A2E50804-142B-4A76-A8B2-4AD660B6D992}.Debug|x86.ActiveCfg = Debug|Any CPU
		{A2E50804-142B-4A76-A8B2-4AD660B6D992}.Debug|x86.Build.0 = Debug|Any CPU
		{A2E50804-142B-4A76-A8B2-4AD660B6D992}.Release|Any CPU.ActiveCfg = Release|Any CPU
		{A2E50804-142B-4A76-A8B2-4AD660B6D992}.Release|Any CPU.Build.0 = Release|Any CPU
		{A2E50804-142B-4A76-A8B2-4AD660B6D992}.Release|x64.ActiveCfg = Release|Any CPU
		{A2E50804-142B-4A76-A8B2-4AD660B6D992}.Release|x64.Build.0 = Release|Any CPU
		{A2E50804-142B-4A76-A8B2-4AD660B6D992}.Release|x86.ActiveCfg = Release|Any CPU
		{A2E50804-142B-4A76-A8B2-4AD660B6D992}.Release|x86.Build.0 = Release|Any CPU
		{C9CC3D6B-ACA0-415A-BE55-0613684619DF}.Debug|Any CPU.ActiveCfg = Debug|Any CPU
		{C9CC3D6B-ACA0-415A-BE55-0613684619DF}.Debug|Any CPU.Build.0 = Debug|Any CPU
		{C9CC3D6B-ACA0-415A-BE55-0613684619DF}.Debug|x64.ActiveCfg = Debug|Any CPU
		{C9CC3D6B-ACA0-415A-BE55-0613684619DF}.Debug|x64.Build.0 = Debug|Any CPU
		{C9CC3D6B-ACA0-415A-BE55-0613684619DF}.Debug|x86.ActiveCfg = Debug|Any CPU
		{C9CC3D6B-ACA0-415A-BE55-0613684619DF}.Debug|x86.Build.0 = Debug|Any CPU
		{C9CC3D6B-ACA0-415A-BE55-0613684619DF}.Release|Any CPU.ActiveCfg = Release|Any CPU
		{C9CC3D6B-ACA0-415A-BE55-0613684619DF}.Release|Any CPU.Build.0 = Release|Any CPU
		{C9CC3D6B-ACA0-415A-BE55-0613684619DF}.Release|x64.ActiveCfg = Release|Any CPU
		{C9CC3D6B-ACA0-415A-BE55-0613684619DF}.Release|x64.Build.0 = Release|Any CPU
		{C9CC3D6B-ACA0-415A-BE55-0613684619DF}.Release|x86.ActiveCfg = Release|Any CPU
		{C9CC3D6B-ACA0-415A-BE55-0613684619DF}.Release|x86.Build.0 = Release|Any CPU
		{1535586E-241C-477F-8624-DEA15CB32536}.Debug|Any CPU.ActiveCfg = Debug|Any CPU
		{1535586E-241C-477F-8624-DEA15CB32536}.Debug|Any CPU.Build.0 = Debug|Any CPU
		{1535586E-241C-477F-8624-DEA15CB32536}.Debug|x64.ActiveCfg = Debug|Any CPU
		{1535586E-241C-477F-8624-DEA15CB32536}.Debug|x64.Build.0 = Debug|Any CPU
		{1535586E-241C-477F-8624-DEA15CB32536}.Debug|x86.ActiveCfg = Debug|Any CPU
		{1535586E-241C-477F-8624-DEA15CB32536}.Debug|x86.Build.0 = Debug|Any CPU
		{1535586E-241C-477F-8624-DEA15CB32536}.Release|Any CPU.ActiveCfg = Release|Any CPU
		{1535586E-241C-477F-8624-DEA15CB32536}.Release|Any CPU.Build.0 = Release|Any CPU
		{1535586E-241C-477F-8624-DEA15CB32536}.Release|x64.ActiveCfg = Release|Any CPU
		{1535586E-241C-477F-8624-DEA15CB32536}.Release|x64.Build.0 = Release|Any CPU
		{1535586E-241C-477F-8624-DEA15CB32536}.Release|x86.ActiveCfg = Release|Any CPU
		{1535586E-241C-477F-8624-DEA15CB32536}.Release|x86.Build.0 = Release|Any CPU
		{F9C390C7-F038-47D3-B05A-18A1933CF173}.Debug|Any CPU.ActiveCfg = Debug|Any CPU
		{F9C390C7-F038-47D3-B05A-18A1933CF173}.Debug|Any CPU.Build.0 = Debug|Any CPU
		{F9C390C7-F038-47D3-B05A-18A1933CF173}.Debug|x64.ActiveCfg = Debug|Any CPU
		{F9C390C7-F038-47D3-B05A-18A1933CF173}.Debug|x64.Build.0 = Debug|Any CPU
		{F9C390C7-F038-47D3-B05A-18A1933CF173}.Debug|x86.ActiveCfg = Debug|Any CPU
		{F9C390C7-F038-47D3-B05A-18A1933CF173}.Debug|x86.Build.0 = Debug|Any CPU
		{F9C390C7-F038-47D3-B05A-18A1933CF173}.Release|Any CPU.ActiveCfg = Release|Any CPU
		{F9C390C7-F038-47D3-B05A-18A1933CF173}.Release|Any CPU.Build.0 = Release|Any CPU
		{F9C390C7-F038-47D3-B05A-18A1933CF173}.Release|x64.ActiveCfg = Release|Any CPU
		{F9C390C7-F038-47D3-B05A-18A1933CF173}.Release|x64.Build.0 = Release|Any CPU
		{F9C390C7-F038-47D3-B05A-18A1933CF173}.Release|x86.ActiveCfg = Release|Any CPU
		{F9C390C7-F038-47D3-B05A-18A1933CF173}.Release|x86.Build.0 = Release|Any CPU
		{8A2B6F3E-C7D1-4E5A-9F08-1B3D5E7A9C2F}.Debug|Any CPU.ActiveCfg = Debug|Any CPU
		{8A2B6F3E-C7D1-4E5A-9F08-1B3D5E7A9C2F}.Debug|Any CPU.Build.0 = Debug|Any CPU
		{8A2B6F3E-C7D1-4E5A-9F08-1B3D5E7A9C2F}.Debug|x64.ActiveCfg = Debug|Any CPU
		{8A2B6F3E-C7D1-4E5A-9F08-1B3D5E7A9C2F}.Debug|x64.Build.0 = Debug|Any CPU
		{8A2B6F3E-C7D1-4E5A-9F08-1B3D5E7A9C2F}.Debug|x86.ActiveCfg = Debug|Any CPU
		{8A2B6F3E-C7D1-4E5A-9F08-1B3D5E7A9C2F}.Debug|x86.Build.0 = Debug|Any CPU
		{8A2B6F3E-C7D1-4E5A-9F08-1B3D5E7A9C2F}.Release|Any CPU.ActiveCfg = Release|Any CPU
		{8A2B6F3E-C7D1-4E5A-9F08-1B3D5E7A9C2F}.Release|Any CPU.Build.0 = Release|Any CPU
		{8A2B6F3E-C7D1-4E5A-9F08-1B3D5E7A9C2F}.Release|x64.ActiveCfg = Release|Any CPU
		{8A2B6F3E-C7D1-4E5A-9F08-1B3D5E7A9C2F}.Release|x64.Build.0 = Release|Any CPU
		{8A2B6F3E-C7D1-4E5A-9F08-1B3D5E7A9C2F}.Release|x86.ActiveCfg = Release|Any CPU
		{8A2B6F3E-C7D1-4E5A-9F08-1B3D5E7A9C2F}.Release|x86.Build.0 = Release|Any CPU
		{D4E5F6A7-B8C9-4D1E-A2F3-5C6D7E8F9A0B}.Debug|Any CPU.ActiveCfg = Debug|Any CPU
		{D4E5F6A7-B8C9-4D1E-A2F3-5C6D7E8F9A0B}.Debug|Any CPU.Build.0 = Debug|Any CPU
		{D4E5F6A7-B8C9-4D1E-A2F3-5C6D7E8F9A0B}.Debug|x64.ActiveCfg = Debug|Any CPU
		{D4E5F6A7-B8C9-4D1E-A2F3-5C6D7E8F9A0B}.Debug|x64.Build.0 = Debug|Any CPU
		{D4E5F6A7-B8C9-4D1E-A2F3-5C6D7E8F9A0B}.Debug|x86.ActiveCfg = Debug|Any CPU
		{D4E5F6A7-B8C9-4D1E-A2F3-5C6D7E8F9A0B}.Debug|x86.Build.0 = Debug|Any CPU
		{D4E5F6A7-B8C9-4D1E-A2F3-5C6D7E8F9A0B}.Release|Any CPU.ActiveCfg = Release|Any CPU
		{D4E5F6A7-B8C9-4D1E-A2F3-5C6D7E8F9A0B}.Release|Any CPU.Build.0 = Release|Any CPU
		{D4E5F6A7-B8C9-4D1E-A2F3-5C6D7E8F9A0B}.Release|x64.ActiveCfg = Release|Any CPU
		{D4E5F6A7-B8C9-4D1E-A2F3-5C6D7E8F9A0B}.Release|x64.Build.0 = Release|Any CPU
		{D4E5F6A7-B8C9-4D1E-A2F3-5C6D7E8F9A0B}.Release|x86.ActiveCfg = Release|Any CPU
		{D4E5F6A7-B8C9-4D1E-A2F3-5C6D7E8F9A0B}.Release|x86.Build.0 = Release|Any CPU
		{BFAAACFE-5B8D-4DE7-ACED-1D982B991795}.Debug|Any CPU.ActiveCfg = Debug|Any CPU
		{BFAAACFE-5B8D-4DE7-ACED-1D982B991795}.Debug|Any CPU.Build.0 = Debug|Any CPU
		{BFAAACFE-5B8D-4DE7-ACED-1D982B991795}.Debug|x64.ActiveCfg = Debug|Any CPU
		{BFAAACFE-5B8D-4DE7-ACED-1D982B991795}.Debug|x64.Build.0 = Debug|Any CPU
		{BFAAACFE-5B8D-4DE7-ACED-1D982B991795}.Debug|x86.ActiveCfg = Debug|Any CPU
		{BFAAACFE-5B8D-4DE7-ACED-1D982B991795}.Debug|x86.Build.0 = Debug|Any CPU
		{BFAAACFE-5B8D-4DE7-ACED-1D982B991795}.Release|Any CPU.ActiveCfg = Release|Any CPU
		{BFAAACFE-5B8D-4DE7-ACED-1D982B991795}.Release|Any CPU.Build.0 = Release|Any CPU
		{BFAAACFE-5B8D-4DE7-ACED-1D982B991795}.Release|x64.ActiveCfg = Release|Any CPU
		{BFAAACFE-5B8D-4DE7-ACED-1D982B991795}.Release|x64.Build.0 = Release|Any CPU
		{BFAAACFE-5B8D-4DE7-ACED-1D982B991795}.Release|x86.ActiveCfg = Release|Any CPU
		{BFAAACFE-5B8D-4DE7-ACED-1D982B991795}.Release|x86.Build.0 = Release|Any CPU
		{5BCFEB60-9A20-448C-ACAB-8D1363A2DD19}.Debug|Any CPU.ActiveCfg = Debug|Any CPU
		{5BCFEB60-9A20-448C-ACAB-8D1363A2DD19}.Debug|Any CPU.Build.0 = Debug|Any CPU
		{5BCFEB60-9A20-448C-ACAB-8D1363A2DD19}.Debug|x64.ActiveCfg = Debug|Any CPU
		{5BCFEB60-9A20-448C-ACAB-8D1363A2DD19}.Debug|x64.Build.0 = Debug|Any CPU
		{5BCFEB60-9A20-448C-ACAB-8D1363A2DD19}.Debug|x86.ActiveCfg = Debug|Any CPU
		{5BCFEB60-9A20-448C-ACAB-8D1363A2DD19}.Debug|x86.Build.0 = Debug|Any CPU
		{5BCFEB60-9A20-448C-ACAB-8D1363A2DD19}.Release|Any CPU.ActiveCfg = Release|Any CPU
		{5BCFEB60-9A20-448C-ACAB-8D1363A2DD19}.Release|Any CPU.Build.0 = Release|Any CPU
		{5BCFEB60-9A20-448C-ACAB-8D1363A2DD19}.Release|x64.ActiveCfg = Release|Any CPU
		{5BCFEB60-9A20-448C-ACAB-8D1363A2DD19}.Release|x64.Build.0 = Release|Any CPU
		{5BCFEB60-9A20-448C-ACAB-8D1363A2DD19}.Release|x86.ActiveCfg = Release|Any CPU
		{5BCFEB60-9A20-448C-ACAB-8D1363A2DD19}.Release|x86.Build.0 = Release|Any CPU
		{8A6139F7-E95C-4B42-82D6-C19B5CCD2519}.Debug|Any CPU.ActiveCfg = Debug|Any CPU
		{8A6139F7-E95C-4B42-82D6-C19B5CCD2519}.Debug|Any CPU.Build.0 = Debug|Any CPU
		{8A6139F7-E95C-4B42-82D6-C19B5CCD2519}.Debug|x64.ActiveCfg = Debug|Any CPU
		{8A6139F7-E95C-4B42-82D6-C19B5CCD2519}.Debug|x64.Build.0 = Debug|Any CPU
		{8A6139F7-E95C-4B42-82D6-C19B5CCD2519}.Debug|x86.ActiveCfg = Debug|Any CPU
		{8A6139F7-E95C-4B42-82D6-C19B5CCD2519}.Debug|x86.Build.0 = Debug|Any CPU
		{8A6139F7-E95C-4B42-82D6-C19B5CCD2519}.Release|Any CPU.ActiveCfg = Release|Any CPU
		{8A6139F7-E95C-4B42-82D6-C19B5CCD2519}.Release|Any CPU.Build.0 = Release|Any CPU
		{8A6139F7-E95C-4B42-82D6-C19B5CCD2519}.Release|x64.ActiveCfg = Release|Any CPU
		{8A6139F7-E95C-4B42-82D6-C19B5CCD2519}.Release|x64.Build.0 = Release|Any CPU
		{8A6139F7-E95C-4B42-82D6-C19B5CCD2519}.Release|x86.ActiveCfg = Release|Any CPU
		{8A6139F7-E95C-4B42-82D6-C19B5CCD2519}.Release|x86.Build.0 = Release|Any CPU
		{71D1E990-7746-4A6B-95C5-1734D82BFC3C}.Debug|Any CPU.ActiveCfg = Debug|Any CPU
		{71D1E990-7746-4A6B-95C5-1734D82BFC3C}.Debug|Any CPU.Build.0 = Debug|Any CPU
		{71D1E990-7746-4A6B-95C5-1734D82BFC3C}.Debug|x64.ActiveCfg = Debug|Any CPU
		{71D1E990-7746-4A6B-95C5-1734D82BFC3C}.Debug|x64.Build.0 = Debug|Any CPU
		{71D1E990-7746-4A6B-95C5-1734D82BFC3C}.Debug|x86.ActiveCfg = Debug|Any CPU
		{71D1E990-7746-4A6B-95C5-1734D82BFC3C}.Debug|x86.Build.0 = Debug|Any CPU
		{71D1E990-7746-4A6B-95C5-1734D82BFC3C}.Release|Any CPU.ActiveCfg = Release|Any CPU
		{71D1E990-7746-4A6B-95C5-1734D82BFC3C}.Release|Any CPU.Build.0 = Release|Any CPU
		{71D1E990-7746-4A6B-95C5-1734D82BFC3C}.Release|x64.ActiveCfg = Release|Any CPU
		{71D1E990-7746-4A6B-95C5-1734D82BFC3C}.Release|x64.Build.0 = Release|Any CPU
		{71D1E990-7746-4A6B-95C5-1734D82BFC3C}.Release|x86.ActiveCfg = Release|Any CPU
		{71D1E990-7746-4A6B-95C5-1734D82BFC3C}.Release|x86.Build.0 = Release|Any CPU
		{4F1BB8E2-6321-4182-A80A-54331FD5825B}.Debug|Any CPU.ActiveCfg = Debug|Any CPU
		{4F1BB8E2-6321-4182-A80A-54331FD5825B}.Debug|Any CPU.Build.0 = Debug|Any CPU
		{4F1BB8E2-6321-4182-A80A-54331FD5825B}.Debug|x64.ActiveCfg = Debug|Any CPU
		{4F1BB8E2-6321-4182-A80A-54331FD5825B}.Debug|x64.Build.0 = Debug|Any CPU
		{4F1BB8E2-6321-4182-A80A-54331FD5825B}.Debug|x86.ActiveCfg = Debug|Any CPU
		{4F1BB8E2-6321-4182-A80A-54331FD5825B}.Debug|x86.Build.0 = Debug|Any CPU
		{4F1BB8E2-6321-4182-A80A-54331FD5825B}.Release|Any CPU.ActiveCfg = Release|Any CPU
		{4F1BB8E2-6321-4182-A80A-54331FD5825B}.Release|Any CPU.Build.0 = Release|Any CPU
		{4F1BB8E2-6321-4182-A80A-54331FD5825B}.Release|x64.ActiveCfg = Release|Any CPU
		{4F1BB8E2-6321-4182-A80A-54331FD5825B}.Release|x64.Build.0 = Release|Any CPU
		{4F1BB8E2-6321-4182-A80A-54331FD5825B}.Release|x86.ActiveCfg = Release|Any CPU
		{4F1BB8E2-6321-4182-A80A-54331FD5825B}.Release|x86.Build.0 = Release|Any CPU
		{606A7570-D731-488F-9BB0-96711A6041E9}.Debug|Any CPU.ActiveCfg = Debug|Any CPU
		{606A7570-D731-488F-9BB0-96711A6041E9}.Debug|Any CPU.Build.0 = Debug|Any CPU
		{606A7570-D731-488F-9BB0-96711A6041E9}.Debug|x64.ActiveCfg = Debug|Any CPU
		{606A7570-D731-488F-9BB0-96711A6041E9}.Debug|x64.Build.0 = Debug|Any CPU
		{606A7570-D731-488F-9BB0-96711A6041E9}.Debug|x86.ActiveCfg = Debug|Any CPU
		{606A7570-D731-488F-9BB0-96711A6041E9}.Debug|x86.Build.0 = Debug|Any CPU
		{606A7570-D731-488F-9BB0-96711A6041E9}.Release|Any CPU.ActiveCfg = Release|Any CPU
		{606A7570-D731-488F-9BB0-96711A6041E9}.Release|Any CPU.Build.0 = Release|Any CPU
		{606A7570-D731-488F-9BB0-96711A6041E9}.Release|x64.ActiveCfg = Release|Any CPU
		{606A7570-D731-488F-9BB0-96711A6041E9}.Release|x64.Build.0 = Release|Any CPU
		{606A7570-D731-488F-9BB0-96711A6041E9}.Release|x86.ActiveCfg = Release|Any CPU
		{606A7570-D731-488F-9BB0-96711A6041E9}.Release|x86.Build.0 = Release|Any CPU
		{7465B4F8-0816-4497-88D3-A74B0D05993B}.Debug|Any CPU.ActiveCfg = Debug|Any CPU
		{7465B4F8-0816-4497-88D3-A74B0D05993B}.Debug|Any CPU.Build.0 = Debug|Any CPU
		{7465B4F8-0816-4497-88D3-A74B0D05993B}.Debug|x64.ActiveCfg = Debug|Any CPU
		{7465B4F8-0816-4497-88D3-A74B0D05993B}.Debug|x64.Build.0 = Debug|Any CPU
		{7465B4F8-0816-4497-88D3-A74B0D05993B}.Debug|x86.ActiveCfg = Debug|Any CPU
		{7465B4F8-0816-4497-88D3-A74B0D05993B}.Debug|x86.Build.0 = Debug|Any CPU
		{7465B4F8-0816-4497-88D3-A74B0D05993B}.Release|Any CPU.ActiveCfg = Release|Any CPU
		{7465B4F8-0816-4497-88D3-A74B0D05993B}.Release|Any CPU.Build.0 = Release|Any CPU
		{7465B4F8-0816-4497-88D3-A74B0D05993B}.Release|x64.ActiveCfg = Release|Any CPU
		{7465B4F8-0816-4497-88D3-A74B0D05993B}.Release|x64.Build.0 = Release|Any CPU
		{7465B4F8-0816-4497-88D3-A74B0D05993B}.Release|x86.ActiveCfg = Release|Any CPU
		{7465B4F8-0816-4497-88D3-A74B0D05993B}.Release|x86.Build.0 = Release|Any CPU
		{FA060EF3-6FEC-49B5-A0CC-D2CA32FCB551}.Debug|Any CPU.ActiveCfg = Debug|Any CPU
		{FA060EF3-6FEC-49B5-A0CC-D2CA32FCB551}.Debug|Any CPU.Build.0 = Debug|Any CPU
		{FA060EF3-6FEC-49B5-A0CC-D2CA32FCB551}.Debug|x64.ActiveCfg = Debug|Any CPU
		{FA060EF3-6FEC-49B5-A0CC-D2CA32FCB551}.Debug|x64.Build.0 = Debug|Any CPU
		{FA060EF3-6FEC-49B5-A0CC-D2CA32FCB551}.Debug|x86.ActiveCfg = Debug|Any CPU
		{FA060EF3-6FEC-49B5-A0CC-D2CA32FCB551}.Debug|x86.Build.0 = Debug|Any CPU
		{FA060EF3-6FEC-49B5-A0CC-D2CA32FCB551}.Release|Any CPU.ActiveCfg = Release|Any CPU
		{FA060EF3-6FEC-49B5-A0CC-D2CA32FCB551}.Release|Any CPU.Build.0 = Release|Any CPU
		{FA060EF3-6FEC-49B5-A0CC-D2CA32FCB551}.Release|x64.ActiveCfg = Release|Any CPU
		{FA060EF3-6FEC-49B5-A0CC-D2CA32FCB551}.Release|x64.Build.0 = Release|Any CPU
		{FA060EF3-6FEC-49B5-A0CC-D2CA32FCB551}.Release|x86.ActiveCfg = Release|Any CPU
		{FA060EF3-6FEC-49B5-A0CC-D2CA32FCB551}.Release|x86.Build.0 = Release|Any CPU
	EndGlobalSection
	GlobalSection(SolutionProperties) = preSolution
		HideSolutionNode = FALSE
	EndGlobalSection
	GlobalSection(NestedProjects) = preSolution
		{A3D32EFD-990D-4CEB-8E6B-251DAFB3154E} = {60CDB5DA-AA5D-4DF7-C1B4-9768277FCE90}
		{0CFFD441-2D1B-4333-82D1-4B4DC2115AD3} = {60CDB5DA-AA5D-4DF7-C1B4-9768277FCE90}
		{01FFE09B-EC8E-42D1-8A09-6A1FE6524537} = {60CDB5DA-AA5D-4DF7-C1B4-9768277FCE90}
		{C983FDC8-FB89-4D72-A447-1309B7122B84} = {60CDB5DA-AA5D-4DF7-C1B4-9768277FCE90}
		{40DE40AC-04CC-4CB3-BE54-4D71A1032BE1} = {60CDB5DA-AA5D-4DF7-C1B4-9768277FCE90}
		{CBB8D55C-1ECE-4B7C-A9E2-DF5B4391B5C6} = {60CDB5DA-AA5D-4DF7-C1B4-9768277FCE90}
		{B4D0FB5E-E27D-467F-A8B0-B533D5B06922} = {60CDB5DA-AA5D-4DF7-C1B4-9768277FCE90}
		{F9C390C7-F038-47D3-B05A-18A1933CF173} = {60CDB5DA-AA5D-4DF7-C1B4-9768277FCE90}
		{8A2B6F3E-C7D1-4E5A-9F08-1B3D5E7A9C2F} = {60CDB5DA-AA5D-4DF7-C1B4-9768277FCE90}
		{D4E5F6A7-B8C9-4D1E-A2F3-5C6D7E8F9A0B} = {60CDB5DA-AA5D-4DF7-C1B4-9768277FCE90}
		{BFAAACFE-5B8D-4DE7-ACED-1D982B991795} = {60CDB5DA-AA5D-4DF7-C1B4-9768277FCE90}
		{5BCFEB60-9A20-448C-ACAB-8D1363A2DD19} = {60CDB5DA-AA5D-4DF7-C1B4-9768277FCE90}
		{8A6139F7-E95C-4B42-82D6-C19B5CCD2519} = {60CDB5DA-AA5D-4DF7-C1B4-9768277FCE90}
		{71D1E990-7746-4A6B-95C5-1734D82BFC3C} = {60CDB5DA-AA5D-4DF7-C1B4-9768277FCE90}
	EndGlobalSection
EndGlobal
